// !$*UTF8*$!
{
	archiveVersion = 1;
	classes = {
	};
	objectVersion = 46;
	objects = {

/* Begin PBXBuildFile section */
		7693C0A31BBEE9D5009FBF6B /* AppDelegate.swift in Sources */ = {isa = PBXBuildFile; fileRef = 7693C0A21BBEE9D5009FBF6B /* AppDelegate.swift */; };
		7693C0A81BBEE9D6009FBF6B /* Main.storyboard in Resources */ = {isa = PBXBuildFile; fileRef = 7693C0A61BBEE9D6009FBF6B /* Main.storyboard */; };
		7693C0AA1BBEE9D6009FBF6B /* Assets.xcassets in Resources */ = {isa = PBXBuildFile; fileRef = 7693C0A91BBEE9D6009FBF6B /* Assets.xcassets */; };
		7693C0AD1BBEE9D6009FBF6B /* LaunchScreen.storyboard in Resources */ = {isa = PBXBuildFile; fileRef = 7693C0AB1BBEE9D6009FBF6B /* LaunchScreen.storyboard */; };
		7693C0B81BBEE9D6009FBF6B /* PairRandomizerSwiftTests.swift in Sources */ = {isa = PBXBuildFile; fileRef = 7693C0B71BBEE9D6009FBF6B /* PairRandomizerSwiftTests.swift */; };
		7693C0C31BBEE9D6009FBF6B /* PairRandomizerSwiftUITests.swift in Sources */ = {isa = PBXBuildFile; fileRef = 7693C0C21BBEE9D6009FBF6B /* PairRandomizerSwiftUITests.swift */; };
		7693C0D11BBEEBD3009FBF6B /* NamesListViewController.swift in Sources */ = {isa = PBXBuildFile; fileRef = 7693C0D01BBEEBD3009FBF6B /* NamesListViewController.swift */; settings = {ASSET_TAGS = (); }; };
		7693C0D31BBEEBE7009FBF6B /* PairsViewController.swift in Sources */ = {isa = PBXBuildFile; fileRef = 7693C0D21BBEEBE7009FBF6B /* PairsViewController.swift */; settings = {ASSET_TAGS = (); }; };
		7693C0D51BBEECC8009FBF6B /* PairController.swift in Sources */ = {isa = PBXBuildFile; fileRef = 7693C0D41BBEECC8009FBF6B /* PairController.swift */; settings = {ASSET_TAGS = (); }; };
/* End PBXBuildFile section */

/* Begin PBXContainerItemProxy section */
		7693C0B41BBEE9D6009FBF6B /* PBXContainerItemProxy */ = {
			isa = PBXContainerItemProxy;
			containerPortal = 7693C0971BBEE9D5009FBF6B /* Project object */;
			proxyType = 1;
			remoteGlobalIDString = 7693C09E1BBEE9D5009FBF6B;
			remoteInfo = PairRandomizerSwift;
		};
		7693C0BF1BBEE9D6009FBF6B /* PBXContainerItemProxy */ = {
			isa = PBXContainerItemProxy;
			containerPortal = 7693C0971BBEE9D5009FBF6B /* Project object */;
			proxyType = 1;
			remoteGlobalIDString = 7693C09E1BBEE9D5009FBF6B;
			remoteInfo = PairRandomizerSwift;
		};
/* End PBXContainerItemProxy section */

/* Begin PBXFileReference section */
		7693C09F1BBEE9D5009FBF6B /* PairRandomizerSwift.app */ = {isa = PBXFileReference; explicitFileType = wrapper.application; includeInIndex = 0; path = PairRandomizerSwift.app; sourceTree = BUILT_PRODUCTS_DIR; };
		7693C0A21BBEE9D5009FBF6B /* AppDelegate.swift */ = {isa = PBXFileReference; lastKnownFileType = sourcecode.swift; path = AppDelegate.swift; sourceTree = "<group>"; };
		7693C0A71BBEE9D6009FBF6B /* Base */ = {isa = PBXFileReference; lastKnownFileType = file.storyboard; name = Base; path = Base.lproj/Main.storyboard; sourceTree = "<group>"; };
		7693C0A91BBEE9D6009FBF6B /* Assets.xcassets */ = {isa = PBXFileReference; lastKnownFileType = folder.assetcatalog; path = Assets.xcassets; sourceTree = "<group>"; };
		7693C0AC1BBEE9D6009FBF6B /* Base */ = {isa = PBXFileReference; lastKnownFileType = file.storyboard; name = Base; path = Base.lproj/LaunchScreen.storyboard; sourceTree = "<group>"; };
		7693C0AE1BBEE9D6009FBF6B /* Info.plist */ = {isa = PBXFileReference; lastKnownFileType = text.plist.xml; path = Info.plist; sourceTree = "<group>"; };
		7693C0B31BBEE9D6009FBF6B /* PairRandomizerSwiftTests.xctest */ = {isa = PBXFileReference; explicitFileType = wrapper.cfbundle; includeInIndex = 0; path = PairRandomizerSwiftTests.xctest; sourceTree = BUILT_PRODUCTS_DIR; };
		7693C0B71BBEE9D6009FBF6B /* PairRandomizerSwiftTests.swift */ = {isa = PBXFileReference; lastKnownFileType = sourcecode.swift; path = PairRandomizerSwiftTests.swift; sourceTree = "<group>"; };
		7693C0B91BBEE9D6009FBF6B /* Info.plist */ = {isa = PBXFileReference; lastKnownFileType = text.plist.xml; path = Info.plist; sourceTree = "<group>"; };
		7693C0BE1BBEE9D6009FBF6B /* PairRandomizerSwiftUITests.xctest */ = {isa = PBXFileReference; explicitFileType = wrapper.cfbundle; includeInIndex = 0; path = PairRandomizerSwiftUITests.xctest; sourceTree = BUILT_PRODUCTS_DIR; };
		7693C0C21BBEE9D6009FBF6B /* PairRandomizerSwiftUITests.swift */ = {isa = PBXFileReference; lastKnownFileType = sourcecode.swift; path = PairRandomizerSwiftUITests.swift; sourceTree = "<group>"; };
		7693C0C41BBEE9D6009FBF6B /* Info.plist */ = {isa = PBXFileReference; lastKnownFileType = text.plist.xml; path = Info.plist; sourceTree = "<group>"; };
		7693C0D01BBEEBD3009FBF6B /* NamesListViewController.swift */ = {isa = PBXFileReference; fileEncoding = 4; lastKnownFileType = sourcecode.swift; path = NamesListViewController.swift; sourceTree = "<group>"; };
		7693C0D21BBEEBE7009FBF6B /* PairsViewController.swift */ = {isa = PBXFileReference; fileEncoding = 4; lastKnownFileType = sourcecode.swift; path = PairsViewController.swift; sourceTree = "<group>"; };
		7693C0D41BBEECC8009FBF6B /* PairController.swift */ = {isa = PBXFileReference; fileEncoding = 4; lastKnownFileType = sourcecode.swift; path = PairController.swift; sourceTree = "<group>"; };
/* End PBXFileReference section */

/* Begin PBXFrameworksBuildPhase section */
		7693C09C1BBEE9D5009FBF6B /* Frameworks */ = {
			isa = PBXFrameworksBuildPhase;
			buildActionMask = 2147483647;
			files = (
			);
			runOnlyForDeploymentPostprocessing = 0;
		};
		7693C0B01BBEE9D6009FBF6B /* Frameworks */ = {
			isa = PBXFrameworksBuildPhase;
			buildActionMask = 2147483647;
			files = (
			);
			runOnlyForDeploymentPostprocessing = 0;
		};
		7693C0BB1BBEE9D6009FBF6B /* Frameworks */ = {
			isa = PBXFrameworksBuildPhase;
			buildActionMask = 2147483647;
			files = (
			);
			runOnlyForDeploymentPostprocessing = 0;
		};
/* End PBXFrameworksBuildPhase section */

/* Begin PBXGroup section */
		7693C0961BBEE9D5009FBF6B = {
			isa = PBXGroup;
			children = (
				7693C0A11BBEE9D5009FBF6B /* PairRandomizerSwift */,
				7693C0B61BBEE9D6009FBF6B /* PairRandomizerSwiftTests */,
				7693C0C11BBEE9D6009FBF6B /* PairRandomizerSwiftUITests */,
				7693C0A01BBEE9D5009FBF6B /* Products */,
			);
			sourceTree = "<group>";
		};
		7693C0A01BBEE9D5009FBF6B /* Products */ = {
			isa = PBXGroup;
			children = (
				7693C09F1BBEE9D5009FBF6B /* PairRandomizerSwift.app */,
				7693C0B31BBEE9D6009FBF6B /* PairRandomizerSwiftTests.xctest */,
				7693C0BE1BBEE9D6009FBF6B /* PairRandomizerSwiftUITests.xctest */,
			);
			name = Products;
			sourceTree = "<group>";
		};
		7693C0A11BBEE9D5009FBF6B /* PairRandomizerSwift */ = {
			isa = PBXGroup;
			children = (
				7693C0A21BBEE9D5009FBF6B /* AppDelegate.swift */,
				7693C0D01BBEEBD3009FBF6B /* NamesListViewController.swift */,
				7693C0D21BBEEBE7009FBF6B /* PairsViewController.swift */,
				7693C0D41BBEECC8009FBF6B /* PairController.swift */,
				7693C0A61BBEE9D6009FBF6B /* Main.storyboard */,
				7693C0A91BBEE9D6009FBF6B /* Assets.xcassets */,
				7693C0AB1BBEE9D6009FBF6B /* LaunchScreen.storyboard */,
				7693C0AE1BBEE9D6009FBF6B /* Info.plist */,
			);
			path = PairRandomizerSwift;
			sourceTree = "<group>";
		};
		7693C0B61BBEE9D6009FBF6B /* PairRandomizerSwiftTests */ = {
			isa = PBXGroup;
			children = (
				7693C0B71BBEE9D6009FBF6B /* PairRandomizerSwiftTests.swift */,
				7693C0B91BBEE9D6009FBF6B /* Info.plist */,
			);
			path = PairRandomizerSwiftTests;
			sourceTree = "<group>";
		};
		7693C0C11BBEE9D6009FBF6B /* PairRandomizerSwiftUITests */ = {
			isa = PBXGroup;
			children = (
				7693C0C21BBEE9D6009FBF6B /* PairRandomizerSwiftUITests.swift */,
				7693C0C41BBEE9D6009FBF6B /* Info.plist */,
			);
			path = PairRandomizerSwiftUITests;
			sourceTree = "<group>";
		};
/* End PBXGroup section */

/* Begin PBXNativeTarget section */
		7693C09E1BBEE9D5009FBF6B /* PairRandomizerSwift */ = {
			isa = PBXNativeTarget;
			buildConfigurationList = 7693C0C71BBEE9D6009FBF6B /* Build configuration list for PBXNativeTarget "PairRandomizerSwift" */;
			buildPhases = (
				7693C09B1BBEE9D5009FBF6B /* Sources */,
				7693C09C1BBEE9D5009FBF6B /* Frameworks */,
				7693C09D1BBEE9D5009FBF6B /* Resources */,
			);
			buildRules = (
			);
			dependencies = (
			);
			name = PairRandomizerSwift;
			productName = PairRandomizerSwift;
			productReference = 7693C09F1BBEE9D5009FBF6B /* PairRandomizerSwift.app */;
			productType = "com.apple.product-type.application";
		};
		7693C0B21BBEE9D6009FBF6B /* PairRandomizerSwiftTests */ = {
			isa = PBXNativeTarget;
			buildConfigurationList = 7693C0CA1BBEE9D6009FBF6B /* Build configuration list for PBXNativeTarget "PairRandomizerSwiftTests" */;
			buildPhases = (
				7693C0AF1BBEE9D6009FBF6B /* Sources */,
				7693C0B01BBEE9D6009FBF6B /* Frameworks */,
				7693C0B11BBEE9D6009FBF6B /* Resources */,
			);
			buildRules = (
			);
			dependencies = (
				7693C0B51BBEE9D6009FBF6B /* PBXTargetDependency */,
			);
			name = PairRandomizerSwiftTests;
			productName = PairRandomizerSwiftTests;
			productReference = 7693C0B31BBEE9D6009FBF6B /* PairRandomizerSwiftTests.xctest */;
			productType = "com.apple.product-type.bundle.unit-test";
		};
		7693C0BD1BBEE9D6009FBF6B /* PairRandomizerSwiftUITests */ = {
			isa = PBXNativeTarget;
			buildConfigurationList = 7693C0CD1BBEE9D6009FBF6B /* Build configuration list for PBXNativeTarget "PairRandomizerSwiftUITests" */;
			buildPhases = (
				7693C0BA1BBEE9D6009FBF6B /* Sources */,
				7693C0BB1BBEE9D6009FBF6B /* Frameworks */,
				7693C0BC1BBEE9D6009FBF6B /* Resources */,
			);
			buildRules = (
			);
			dependencies = (
				7693C0C01BBEE9D6009FBF6B /* PBXTargetDependency */,
			);
			name = PairRandomizerSwiftUITests;
			productName = PairRandomizerSwiftUITests;
			productReference = 7693C0BE1BBEE9D6009FBF6B /* PairRandomizerSwiftUITests.xctest */;
			productType = "com.apple.product-type.bundle.ui-testing";
		};
/* End PBXNativeTarget section */

/* Begin PBXProject section */
		7693C0971BBEE9D5009FBF6B /* Project object */ = {
			isa = PBXProject;
			attributes = {
				LastUpgradeCheck = 0700;
				ORGANIZATIONNAME = "Anne Tessier";
				TargetAttributes = {
					7693C09E1BBEE9D5009FBF6B = {
						CreatedOnToolsVersion = 7.0;
					};
					7693C0B21BBEE9D6009FBF6B = {
						CreatedOnToolsVersion = 7.0;
						TestTargetID = 7693C09E1BBEE9D5009FBF6B;
					};
					7693C0BD1BBEE9D6009FBF6B = {
						CreatedOnToolsVersion = 7.0;
						TestTargetID = 7693C09E1BBEE9D5009FBF6B;
					};
				};
			};
			buildConfigurationList = 7693C09A1BBEE9D5009FBF6B /* Build configuration list for PBXProject "PairRandomizerSwift" */;
			compatibilityVersion = "Xcode 3.2";
			developmentRegion = English;
			hasScannedForEncodings = 0;
			knownRegions = (
				en,
				Base,
			);
			mainGroup = 7693C0961BBEE9D5009FBF6B;
			productRefGroup = 7693C0A01BBEE9D5009FBF6B /* Products */;
			projectDirPath = "";
			projectRoot = "";
			targets = (
				7693C09E1BBEE9D5009FBF6B /* PairRandomizerSwift */,
				7693C0B21BBEE9D6009FBF6B /* PairRandomizerSwiftTests */,
				7693C0BD1BBEE9D6009FBF6B /* PairRandomizerSwiftUITests */,
			);
		};
/* End PBXProject section */

/* Begin PBXResourcesBuildPhase section */
		7693C09D1BBEE9D5009FBF6B /* Resources */ = {
			isa = PBXResourcesBuildPhase;
			buildActionMask = 2147483647;
			files = (
				7693C0AD1BBEE9D6009FBF6B /* LaunchScreen.storyboard in Resources */,
				7693C0AA1BBEE9D6009FBF6B /* Assets.xcassets in Resources */,
				7693C0A81BBEE9D6009FBF6B /* Main.storyboard in Resources */,
			);
			runOnlyForDeploymentPostprocessing = 0;
		};
		7693C0B11BBEE9D6009FBF6B /* Resources */ = {
			isa = PBXResourcesBuildPhase;
			buildActionMask = 2147483647;
			files = (
			);
			runOnlyForDeploymentPostprocessing = 0;
		};
		7693C0BC1BBEE9D6009FBF6B /* Resources */ = {
			isa = PBXResourcesBuildPhase;
			buildActionMask = 2147483647;
			files = (
			);
			runOnlyForDeploymentPostprocessing = 0;
		};
/* End PBXResourcesBuildPhase section */

/* Begin PBXSourcesBuildPhase section */
		7693C09B1BBEE9D5009FBF6B /* Sources */ = {
			isa = PBXSourcesBuildPhase;
			buildActionMask = 2147483647;
			files = (
				7693C0D11BBEEBD3009FBF6B /* NamesListViewController.swift in Sources */,
				7693C0D31BBEEBE7009FBF6B /* PairsViewController.swift in Sources */,
				7693C0A31BBEE9D5009FBF6B /* AppDelegate.swift in Sources */,
				7693C0D51BBEECC8009FBF6B /* PairController.swift in Sources */,
			);
			runOnlyForDeploymentPostprocessing = 0;
		};
		7693C0AF1BBEE9D6009FBF6B /* Sources */ = {
			isa = PBXSourcesBuildPhase;
			buildActionMask = 2147483647;
			files = (
				7693C0B81BBEE9D6009FBF6B /* PairRandomizerSwiftTests.swift in Sources */,
			);
			runOnlyForDeploymentPostprocessing = 0;
		};
		7693C0BA1BBEE9D6009FBF6B /* Sources */ = {
			isa = PBXSourcesBuildPhase;
			buildActionMask = 2147483647;
			files = (
				7693C0C31BBEE9D6009FBF6B /* PairRandomizerSwiftUITests.swift in Sources */,
			);
			runOnlyForDeploymentPostprocessing = 0;
		};
/* End PBXSourcesBuildPhase section */

/* Begin PBXTargetDependency section */
		7693C0B51BBEE9D6009FBF6B /* PBXTargetDependency */ = {
			isa = PBXTargetDependency;
			target = 7693C09E1BBEE9D5009FBF6B /* PairRandomizerSwift */;
			targetProxy = 7693C0B41BBEE9D6009FBF6B /* PBXContainerItemProxy */;
		};
		7693C0C01BBEE9D6009FBF6B /* PBXTargetDependency */ = {
			isa = PBXTargetDependency;
			target = 7693C09E1BBEE9D5009FBF6B /* PairRandomizerSwift */;
			targetProxy = 7693C0BF1BBEE9D6009FBF6B /* PBXContainerItemProxy */;
		};
/* End PBXTargetDependency section */

/* Begin PBXVariantGroup section */
		7693C0A61BBEE9D6009FBF6B /* Main.storyboard */ = {
			isa = PBXVariantGroup;
			children = (
				7693C0A71BBEE9D6009FBF6B /* Base */,
			);
			name = Main.storyboard;
			sourceTree = "<group>";
		};
		7693C0AB1BBEE9D6009FBF6B /* LaunchScreen.storyboard */ = {
			isa = PBXVariantGroup;
			children = (
				7693C0AC1BBEE9D6009FBF6B /* Base */,
			);
			name = LaunchScreen.storyboard;
			sourceTree = "<group>";
		};
/* End PBXVariantGroup section */

/* Begin XCBuildConfiguration section */
		7693C0C51BBEE9D6009FBF6B /* Debug */ = {
			isa = XCBuildConfiguration;
			buildSettings = {
				ALWAYS_SEARCH_USER_PATHS = NO;
				CLANG_CXX_LANGUAGE_STANDARD = "gnu++0x";
				CLANG_CXX_LIBRARY = "libc++";
				CLANG_ENABLE_MODULES = YES;
				CLANG_ENABLE_OBJC_ARC = YES;
				CLANG_WARN_BOOL_CONVERSION = YES;
				CLANG_WARN_CONSTANT_CONVERSION = YES;
				CLANG_WARN_DIRECT_OBJC_ISA_USAGE = YES_ERROR;
				CLANG_WARN_EMPTY_BODY = YES;
				CLANG_WARN_ENUM_CONVERSION = YES;
				CLANG_WARN_INT_CONVERSION = YES;
				CLANG_WARN_OBJC_ROOT_CLASS = YES_ERROR;
				CLANG_WARN_UNREACHABLE_CODE = YES;
				CLANG_WARN__DUPLICATE_METHOD_MATCH = YES;
				"CODE_SIGN_IDENTITY[sdk=iphoneos*]" = "iPhone Developer";
				COPY_PHASE_STRIP = NO;
				DEBUG_INFORMATION_FORMAT = dwarf;
				ENABLE_STRICT_OBJC_MSGSEND = YES;
				ENABLE_TESTABILITY = YES;
				GCC_C_LANGUAGE_STANDARD = gnu99;
				GCC_DYNAMIC_NO_PIC = NO;
				GCC_NO_COMMON_BLOCKS = YES;
				GCC_OPTIMIZATION_LEVEL = 0;
				GCC_PREPROCESSOR_DEFINITIONS = (
					"DEBUG=1",
					"$(inherited)",
				);
				GCC_WARN_64_TO_32_BIT_CONVERSION = YES;
				GCC_WARN_ABOUT_RETURN_TYPE = YES_ERROR;
				GCC_WARN_UNDECLARED_SELECTOR = YES;
				GCC_WARN_UNINITIALIZED_AUTOS = YES_AGGRESSIVE;
				GCC_WARN_UNUSED_FUNCTION = YES;
				GCC_WARN_UNUSED_VARIABLE = YES;
				IPHONEOS_DEPLOYMENT_TARGET = 9.0;
				MTL_ENABLE_DEBUG_INFO = YES;
				ONLY_ACTIVE_ARCH = YES;
				SDKROOT = iphoneos;
				SWIFT_OPTIMIZATION_LEVEL = "-Onone";
				TARGETED_DEVICE_FAMILY = "1,2";
			};
			name = Debug;
		};
		7693C0C61BBEE9D6009FBF6B /* Release */ = {
			isa = XCBuildConfiguration;
			buildSettings = {
				ALWAYS_SEARCH_USER_PATHS = NO;
				CLANG_CXX_LANGUAGE_STANDARD = "gnu++0x";
				CLANG_CXX_LIBRARY = "libc++";
				CLANG_ENABLE_MODULES = YES;
				CLANG_ENABLE_OBJC_ARC = YES;
				CLANG_WARN_BOOL_CONVERSION = YES;
				CLANG_WARN_CONSTANT_CONVERSION = YES;
				CLANG_WARN_DIRECT_OBJC_ISA_USAGE = YES_ERROR;
				CLANG_WARN_EMPTY_BODY = YES;
				CLANG_WARN_ENUM_CONVERSION = YES;
				CLANG_WARN_INT_CONVERSION = YES;
				CLANG_WARN_OBJC_ROOT_CLASS = YES_ERROR;
				CLANG_WARN_UNREACHABLE_CODE = YES;
				CLANG_WARN__DUPLICATE_METHOD_MATCH = YES;
				"CODE_SIGN_IDENTITY[sdk=iphoneos*]" = "iPhone Developer";
				COPY_PHASE_STRIP = NO;
				DEBUG_INFORMATION_FORMAT = "dwarf-with-dsym";
				ENABLE_NS_ASSERTIONS = NO;
				ENABLE_STRICT_OBJC_MSGSEND = YES;
				GCC_C_LANGUAGE_STANDARD = gnu99;
				GCC_NO_COMMON_BLOCKS = YES;
				GCC_WARN_64_TO_32_BIT_CONVERSION = YES;
				GCC_WARN_ABOUT_RETURN_TYPE = YES_ERROR;
				GCC_WARN_UNDECLARED_SELECTOR = YES;
				GCC_WARN_UNINITIALIZED_AUTOS = YES_AGGRESSIVE;
				GCC_WARN_UNUSED_FUNCTION = YES;
				GCC_WARN_UNUSED_VARIABLE = YES;
				IPHONEOS_DEPLOYMENT_TARGET = 9.0;
				MTL_ENABLE_DEBUG_INFO = NO;
				SDKROOT = iphoneos;
				TARGETED_DEVICE_FAMILY = "1,2";
				VALIDATE_PRODUCT = YES;
			};
			name = Release;
		};
		7693C0C81BBEE9D6009FBF6B /* Debug */ = {
			isa = XCBuildConfiguration;
			buildSettings = {
				ASSETCATALOG_COMPILER_APPICON_NAME = AppIcon;
				INFOPLIST_FILE = PairRandomizerSwift/Info.plist;
				LD_RUNPATH_SEARCH_PATHS = "$(inherited) @executable_path/Frameworks";
				PRODUCT_BUNDLE_IDENTIFIER = com.MichelleTessier.PairRandomizerSwift;
				PRODUCT_NAME = "$(TARGET_NAME)";
			};
			name = Debug;
		};
		7693C0C91BBEE9D6009FBF6B /* Release */ = {
			isa = XCBuildConfiguration;
			buildSettings = {
				ASSETCATALOG_COMPILER_APPICON_NAME = AppIcon;
				INFOPLIST_FILE = PairRandomizerSwift/Info.plist;
				LD_RUNPATH_SEARCH_PATHS = "$(inherited) @executable_path/Frameworks";
				PRODUCT_BUNDLE_IDENTIFIER = com.MichelleTessier.PairRandomizerSwift;
				PRODUCT_NAME = "$(TARGET_NAME)";
			};
			name = Release;
		};
		7693C0CB1BBEE9D6009FBF6B /* Debug */ = {
			isa = XCBuildConfiguration;
			buildSettings = {
				BUNDLE_LOADER = "$(TEST_HOST)";
				INFOPLIST_FILE = PairRandomizerSwiftTests/Info.plist;
				LD_RUNPATH_SEARCH_PATHS = "$(inherited) @executable_path/Frameworks @loader_path/Frameworks";
				PRODUCT_BUNDLE_IDENTIFIER = com.MichelleTessier.PairRandomizerSwiftTests;
				PRODUCT_NAME = "$(TARGET_NAME)";
				TEST_HOST = "$(BUILT_PRODUCTS_DIR)/PairRandomizerSwift.app/PairRandomizerSwift";
			};
			name = Debug;
		};
		7693C0CC1BBEE9D6009FBF6B /* Release */ = {
			isa = XCBuildConfiguration;
			buildSettings = {
				BUNDLE_LOADER = "$(TEST_HOST)";
				INFOPLIST_FILE = PairRandomizerSwiftTests/Info.plist;
				LD_RUNPATH_SEARCH_PATHS = "$(inherited) @executable_path/Frameworks @loader_path/Frameworks";
				PRODUCT_BUNDLE_IDENTIFIER = com.MichelleTessier.PairRandomizerSwiftTests;
				PRODUCT_NAME = "$(TARGET_NAME)";
				TEST_HOST = "$(BUILT_PRODUCTS_DIR)/PairRandomizerSwift.app/PairRandomizerSwift";
			};
			name = Release;
		};
		7693C0CE1BBEE9D6009FBF6B /* Debug */ = {
			isa = XCBuildConfiguration;
			buildSettings = {
				INFOPLIST_FILE = PairRandomizerSwiftUITests/Info.plist;
				LD_RUNPATH_SEARCH_PATHS = "$(inherited) @executable_path/Frameworks @loader_path/Frameworks";
				PRODUCT_BUNDLE_IDENTIFIER = com.MichelleTessier.PairRandomizerSwiftUITests;
				PRODUCT_NAME = "$(TARGET_NAME)";
				TEST_TARGET_NAME = PairRandomizerSwift;
				USES_XCTRUNNER = YES;
			};
			name = Debug;
		};
		7693C0CF1BBEE9D6009FBF6B /* Release */ = {
			isa = XCBuildConfiguration;
			buildSettings = {
				INFOPLIST_FILE = PairRandomizerSwiftUITests/Info.plist;
				LD_RUNPATH_SEARCH_PATHS = "$(inherited) @executable_path/Frameworks @loader_path/Frameworks";
				PRODUCT_BUNDLE_IDENTIFIER = com.MichelleTessier.PairRandomizerSwiftUITests;
				PRODUCT_NAME = "$(TARGET_NAME)";
				TEST_TARGET_NAME = PairRandomizerSwift;
				USES_XCTRUNNER = YES;
			};
			name = Release;
		};
/* End XCBuildConfiguration section */

/* Begin XCConfigurationList section */
		7693C09A1BBEE9D5009FBF6B /* Build configuration list for PBXProject "PairRandomizerSwift" */ = {
			isa = XCConfigurationList;
			buildConfigurations = (
				7693C0C51BBEE9D6009FBF6B /* Debug */,
				7693C0C61BBEE9D6009FBF6B /* Release */,
			);
			defaultConfigurationIsVisible = 0;
			defaultConfigurationName = Release;
		};
		7693C0C71BBEE9D6009FBF6B /* Build configuration list for PBXNativeTarget "PairRandomizerSwift" */ = {
			isa = XCConfigurationList;
			buildConfigurations = (
				7693C0C81BBEE9D6009FBF6B /* Debug */,
				7693C0C91BBEE9D6009FBF6B /* Release */,
			);
			defaultConfigurationIsVisible = 0;
		};
		7693C0CA1BBEE9D6009FBF6B /* Build configuration list for PBXNativeTarget "PairRandomizerSwiftTests" */ = {
			isa = XCConfigurationList;
			buildConfigurations = (
				7693C0CB1BBEE9D6009FBF6B /* Debug */,
				7693C0CC1BBEE9D6009FBF6B /* Release */,
			);
			defaultConfigurationIsVisible = 0;
		};
		7693C0CD1BBEE9D6009FBF6B /* Build configuration list for PBXNativeTarget "PairRandomizerSwiftUITests" */ = {
			isa = XCConfigurationList;
			buildConfigurations = (
				7693C0CE1BBEE9D6009FBF6B /* Debug */,
				7693C0CF1BBEE9D6009FBF6B /* Release */,
			);
			defaultConfigurationIsVisible = 0;
		};
/* End XCConfigurationList section */
	};
	rootObject = 7693C0971BBEE9D5009FBF6B /* Project object */;
}
